
Microsoft Visual Studio Solution File, Format Version 12.00
# Visual Studio 15
VisualStudioVersion = 15.0.28307.136
MinimumVisualStudioVersion = 10.0.40219.1
Project("{FAE04EC0-301F-11D3-BF4B-00C04F79EFBC}") = "MarkingManagementAPI", "MarkingManagementAPI\MarkingManagementAPI.csproj", "{003D13DF-A722-4620-BB73-A8A2B0F08415}"
EndProject
Global
	GlobalSection(SolutionConfigurationPlatforms) = preSolution
		Debug|Any CPU = Debug|Any CPU
		Release|Any CPU = Release|Any CPU
	EndGlobalSection
	GlobalSection(ProjectConfigurationPlatforms) = postSolution
		{003D13DF-A722-4620-BB73-A8A2B0F08415}.Debug|Any CPU.ActiveCfg = Debug|Any CPU
		{003D13DF-A722-4620-BB73-A8A2B0F08415}.Debug|Any CPU.Build.0 = Debug|Any CPU
		{003D13DF-A722-4620-BB73-A8A2B0F08415}.Release|Any CPU.ActiveCfg = Release|Any CPU
		{003D13DF-A722-4620-BB73-A8A2B0F08415}.Release|Any CPU.Build.0 = Release|Any CPU
	EndGlobalSection
	GlobalSection(SolutionProperties) = preSolution
		HideSolutionNode = FALSE
	EndGlobalSection
	GlobalSection(ExtensibilityGlobals) = postSolution
		SolutionGuid = {17B28C98-7078-48E7-99AF-DB4C5AD5E041}
	EndGlobalSection
EndGlobal
